
Microsoft Visual Studio Solution File, Format Version 12.00
# Visual Studio 15
VisualStudioVersion = 15.0.28307.1340
MinimumVisualStudioVersion = 10.0.40219.1
Project("{FAE04EC0-301F-11D3-BF4B-00C04F79EFBC}") = "Assignment2", "Assignment2\Assignment2.csproj", "{0BF197AB-B69A-4B30-B518-57890249DFC5}"
EndProject
Global
	GlobalSection(SolutionConfigurationPlatforms) = preSolution
		Debug|Any CPU = Debug|Any CPU
		Release|Any CPU = Release|Any CPU
	EndGlobalSection
	GlobalSection(ProjectConfigurationPlatforms) = postSolution
		{0BF197AB-B69A-4B30-B518-57890249DFC5}.Debug|Any CPU.ActiveCfg = Debug|Any CPU
		{0BF197AB-B69A-4B30-B518-57890249DFC5}.Debug|Any CPU.Build.0 = Debug|Any CPU
		{0BF197AB-B69A-4B30-B518-57890249DFC5}.Release|Any CPU.ActiveCfg = Release|Any CPU
		{0BF197AB-B69A-4B30-B518-57890249DFC5}.Release|Any CPU.Build.0 = Release|Any CPU
	EndGlobalSection
	GlobalSection(SolutionProperties) = preSolution
		HideSolutionNode = FALSE
	EndGlobalSection
	GlobalSection(ExtensibilityGlobals) = postSolution
		SolutionGuid = {6D36C1F4-C19F-4BD0-8890-37ED5395AA82}
	EndGlobalSection
EndGlobal
