
Microsoft Visual Studio Solution File, Format Version 12.00
# Visual Studio 15
VisualStudioVersion = 15.0.28307.1340
MinimumVisualStudioVersion = 10.0.40219.1
Project("{FAE04EC0-301F-11D3-BF4B-00C04F79EFBC}") = "Exam1Prep4", "Exam1Prep4\Exam1Prep4.csproj", "{5204F97A-B712-4D7F-ADC0-323A669D1D15}"
EndProject
Global
	GlobalSection(SolutionConfigurationPlatforms) = preSolution
		Debug|Any CPU = Debug|Any CPU
		Release|Any CPU = Release|Any CPU
	EndGlobalSection
	GlobalSection(ProjectConfigurationPlatforms) = postSolution
		{5204F97A-B712-4D7F-ADC0-323A669D1D15}.Debug|Any CPU.ActiveCfg = Debug|Any CPU
		{5204F97A-B712-4D7F-ADC0-323A669D1D15}.Debug|Any CPU.Build.0 = Debug|Any CPU
		{5204F97A-B712-4D7F-ADC0-323A669D1D15}.Release|Any CPU.ActiveCfg = Release|Any CPU
		{5204F97A-B712-4D7F-ADC0-323A669D1D15}.Release|Any CPU.Build.0 = Release|Any CPU
	EndGlobalSection
	GlobalSection(SolutionProperties) = preSolution
		HideSolutionNode = FALSE
	EndGlobalSection
	GlobalSection(ExtensibilityGlobals) = postSolution
		SolutionGuid = {DDF6C9E6-0D7D-40F1-81EE-FE4677349F21}
	EndGlobalSection
EndGlobal
