
Microsoft Visual Studio Solution File, Format Version 12.00
# Visual Studio 15
VisualStudioVersion = 15.0.28307.1340
MinimumVisualStudioVersion = 10.0.40219.1
Project("{FAE04EC0-301F-11D3-BF4B-00C04F79EFBC}") = "DistanceConverter", "ColorMixer\DistanceConverter.csproj", "{0BE4910D-0584-4207-95E9-604052ADE9F4}"
EndProject
Global
	GlobalSection(SolutionConfigurationPlatforms) = preSolution
		Debug|Any CPU = Debug|Any CPU
		Release|Any CPU = Release|Any CPU
	EndGlobalSection
	GlobalSection(ProjectConfigurationPlatforms) = postSolution
		{0BE4910D-0584-4207-95E9-604052ADE9F4}.Debug|Any CPU.ActiveCfg = Debug|Any CPU
		{0BE4910D-0584-4207-95E9-604052ADE9F4}.Debug|Any CPU.Build.0 = Debug|Any CPU
		{0BE4910D-0584-4207-95E9-604052ADE9F4}.Release|Any CPU.ActiveCfg = Release|Any CPU
		{0BE4910D-0584-4207-95E9-604052ADE9F4}.Release|Any CPU.Build.0 = Release|Any CPU
	EndGlobalSection
	GlobalSection(SolutionProperties) = preSolution
		HideSolutionNode = FALSE
	EndGlobalSection
	GlobalSection(ExtensibilityGlobals) = postSolution
		SolutionGuid = {B6E40FD8-D362-45D4-A720-B18A51A04C04}
	EndGlobalSection
EndGlobal
