
Microsoft Visual Studio Solution File, Format Version 12.00
# Visual Studio 15
VisualStudioVersion = 15.0.28307.1340
MinimumVisualStudioVersion = 10.0.40219.1
Project("{FAE04EC0-301F-11D3-BF4B-00C04F79EFBC}") = "Exam1Prep", "Exam1Prep\Exam1Prep.csproj", "{0D629F93-2F4F-4F65-8B4C-AC6B249C692B}"
EndProject
Global
	GlobalSection(SolutionConfigurationPlatforms) = preSolution
		Debug|Any CPU = Debug|Any CPU
		Release|Any CPU = Release|Any CPU
	EndGlobalSection
	GlobalSection(ProjectConfigurationPlatforms) = postSolution
		{0D629F93-2F4F-4F65-8B4C-AC6B249C692B}.Debug|Any CPU.ActiveCfg = Debug|Any CPU
		{0D629F93-2F4F-4F65-8B4C-AC6B249C692B}.Debug|Any CPU.Build.0 = Debug|Any CPU
		{0D629F93-2F4F-4F65-8B4C-AC6B249C692B}.Release|Any CPU.ActiveCfg = Release|Any CPU
		{0D629F93-2F4F-4F65-8B4C-AC6B249C692B}.Release|Any CPU.Build.0 = Release|Any CPU
	EndGlobalSection
	GlobalSection(SolutionProperties) = preSolution
		HideSolutionNode = FALSE
	EndGlobalSection
	GlobalSection(ExtensibilityGlobals) = postSolution
		SolutionGuid = {012912BF-3F0B-4EBD-B6A8-89C34FD80101}
	EndGlobalSection
EndGlobal
